
Microsoft Visual Studio Solution File, Format Version 12.00
# Visual Studio Version 17
VisualStudioVersion = 17.5.002.0
MinimumVisualStudioVersion = 10.0.40219.1
Project("{9A19103F-16F7-4668-BE54-9A1E7A4F7556}") = "papillon_clinic_server", "papillon_ clinic_server\papillon_clinic_server.csproj", "{7186E1EC-691B-41DF-AD2B-A911670957BB}"
EndProject
Global
	GlobalSection(SolutionConfigurationPlatforms) = preSolution
		Debug|Any CPU = Debug|Any CPU
		Release|Any CPU = Release|Any CPU
	EndGlobalSection
	GlobalSection(ProjectConfigurationPlatforms) = postSolution
		{7186E1EC-691B-41DF-AD2B-A911670957BB}.Debug|Any CPU.ActiveCfg = Debug|Any CPU
		{7186E1EC-691B-41DF-AD2B-A911670957BB}.Debug|Any CPU.Build.0 = Debug|Any CPU
		{7186E1EC-691B-41DF-AD2B-A911670957BB}.Release|Any CPU.ActiveCfg = Release|Any CPU
		{7186E1EC-691B-41DF-AD2B-A911670957BB}.Release|Any CPU.Build.0 = Release|Any CPU
	EndGlobalSection
	GlobalSection(SolutionProperties) = preSolution
		HideSolutionNode = FALSE
	EndGlobalSection
	GlobalSection(ExtensibilityGlobals) = postSolution
		SolutionGuid = {94AF135A-A3CB-4637-B4F0-8220041CFD38}
	EndGlobalSection
EndGlobal
